
Microsoft Visual Studio Solution File, Format Version 12.00
# Visual Studio 15
VisualStudioVersion = 15.0.33423.255
MinimumVisualStudioVersion = 10.0.40219.1
Project("{FAE04EC0-301F-11D3-BF4B-00C04F79EFBC}") = "ConsoleApp1", "ConsoleApp1\ConsoleApp1.csproj", "{84DEBCE1-DEB1-4E5F-B22F-45D803670EC5}"
EndProject
Project("{FAE04EC0-301F-11D3-BF4B-00C04F79EFBC}") = "UnitTestProject1", "UnitTestProject1\UnitTestProject1.csproj", "{8283711E-35B3-4511-984B-B6E89135DAB6}"
EndProject
Global
	GlobalSection(SolutionConfigurationPlatforms) = preSolution
		Debug|Any CPU = Debug|Any CPU
		Debug|x86 = Debug|x86
		Release|Any CPU = Release|Any CPU
		Release|x86 = Release|x86
	EndGlobalSection
	GlobalSection(ProjectConfigurationPlatforms) = postSolution
		{84DEBCE1-DEB1-4E5F-B22F-45D803670EC5}.Debug|Any CPU.ActiveCfg = Debug|Any CPU
		{84DEBCE1-DEB1-4E5F-B22F-45D803670EC5}.Debug|Any CPU.Build.0 = Debug|Any CPU
		{84DEBCE1-DEB1-4E5F-B22F-45D803670EC5}.Debug|x86.ActiveCfg = Debug|Any CPU
		{84DEBCE1-DEB1-4E5F-B22F-45D803670EC5}.Debug|x86.Build.0 = Debug|Any CPU
		{84DEBCE1-DEB1-4E5F-B22F-45D803670EC5}.Release|Any CPU.ActiveCfg = Release|Any CPU
		{84DEBCE1-DEB1-4E5F-B22F-45D803670EC5}.Release|Any CPU.Build.0 = Release|Any CPU
		{84DEBCE1-DEB1-4E5F-B22F-45D803670EC5}.Release|x86.ActiveCfg = Release|Any CPU
		{84DEBCE1-DEB1-4E5F-B22F-45D803670EC5}.Release|x86.Build.0 = Release|Any CPU
		{8283711E-35B3-4511-984B-B6E89135DAB6}.Debug|Any CPU.ActiveCfg = Debug|Any CPU
		{8283711E-35B3-4511-984B-B6E89135DAB6}.Debug|Any CPU.Build.0 = Debug|Any CPU
		{8283711E-35B3-4511-984B-B6E89135DAB6}.Debug|x86.ActiveCfg = Debug|Any CPU
		{8283711E-35B3-4511-984B-B6E89135DAB6}.Debug|x86.Build.0 = Debug|Any CPU
		{8283711E-35B3-4511-984B-B6E89135DAB6}.Release|Any CPU.ActiveCfg = Release|Any CPU
		{8283711E-35B3-4511-984B-B6E89135DAB6}.Release|Any CPU.Build.0 = Release|Any CPU
		{8283711E-35B3-4511-984B-B6E89135DAB6}.Release|x86.ActiveCfg = Release|Any CPU
		{8283711E-35B3-4511-984B-B6E89135DAB6}.Release|x86.Build.0 = Release|Any CPU
	EndGlobalSection
	GlobalSection(SolutionProperties) = preSolution
		HideSolutionNode = FALSE
	EndGlobalSection
	GlobalSection(ExtensibilityGlobals) = postSolution
		SolutionGuid = {90935602-E2F4-4F4A-9A6F-038BA452CD3D}
	EndGlobalSection
EndGlobal
